# This lock file was generated by conda-lock (https://github.com/conda/conda-lock). DO NOT EDIT!
#
# A "lock file" contains a concrete list of package versions (with checksums) to be installed. Unlike
# e.g. `conda env create`, the resulting environment will not change as new package versions become
# available, unless you explicitly update the lock file.
#
# Install this environment as "YOURENV" with:
#     conda-lock install -n YOURENV conda-lock.yml
# To update a single package to the latest version compatible with the version constraints in the source:
#     conda-lock lock  --lockfile conda-lock.yml --update PACKAGE
# To re-solve the entire environment, e.g. after changing a version constraint in the source file:
#     conda-lock -f environment.yml --lockfile conda-lock.yml
version: 1
metadata:
  content_hash:
    win-64: 13f8368ff0c9e5b5300834b1b261ebdf4fd41f4ddbe9d903b8e16c24006d3c29
  channels:
  - url: conda-forge
    used_env_vars: []
  platforms:
  - win-64
  sources:
  - environment.yml
package:
- name: annotated-types
  version: 0.8.0
  manager: conda
  platform: win-64
  dependencies:
    python: '>=3.10'
    typing-extensions: '>=4.0.0'
  url: https://conda.anaconda.org/conda-forge/noarch/annotated-types-0.8.0-pyhd8ed1ab_0.conda
  hash:
    md5: 108c928d2a8551832dbc762b535e90bb
    sha256: b8fcb994134d3918d1c64a9d62f4168ff85d5bfb89e698102fe4ed679fe0df24
  category: main
  optional: false
- name: bzip2
  version: 1.0.8
  manager: conda
  platform: win-64
  dependencies:
    ucrt: '>=10.0.20348.0'
    vc: '>=14.3,<15'
    vc14_runtime: '>=14.44.35208'
  url: https://conda.anaconda.org/conda-forge/win-64/bzip2-1.0.8-h0ad9c76_10.conda
  hash:
    md5: c3301c058362f340100d91cd8be0393f
    sha256: 04767466ee9227c9c57ab2c6503e0149177d34111c7418d2f420297acb1eb229
  category: main
  optional: false
- name: ca-certificates
  version: 2026.7.22
  manager: conda
  platform: win-64
  dependencies:
    __win: ''
  url: https://conda.anaconda.org/conda-forge/noarch/ca-certificates-2026.7.22-h4c7d964_0.conda
  hash:
    md5: e27d2ac27b096dc51fedfcf775a53f9b
    sha256: 95e8e74062a5fe5f870ac8c90302b6e89945165fdaed7810606e84ddee6aac12
  category: main
  optional: false
- name: cairo
  version: 1.18.4
  manager: conda
  platform: win-64
  dependencies:
    fontconfig: '>=2.18.3,<3.0a0'
    fonts-conda-ecosystem: ''
    icu: '>=78.3,<79.0a0'
    libexpat: '>=2.8.1,<3.0a0'
    libfreetype: '>=2.14.3'
    libfreetype6: '>=2.14.3'
    libglib: '>=2.88.3,<3.0a0'
    libpng: '>=1.6.58,<1.7.0a0'
    libzlib: '>=1.3.2,<2.0a0'
    pixman: '>=0.46.4,<1.0a0'
    ucrt: '>=10.0.20348.0'
    vc: '>=14.3,<15'
    vc14_runtime: '>=14.44.35208'
  url: https://conda.anaconda.org/conda-forge/win-64/cairo-1.18.4-h477c42c_3.conda
  hash:
    md5: 37e4ca2dd35c4171f0587d985976b30e
    sha256: 167be08bde10daeefc505673966c470e8e236195c4edc2000a8d2441bc72a28b
  category: main
  optional: false
- name: colorama
  version: 0.4.6
  manager: conda
  platform: win-64
  dependencies:
    python: '>=3.9'
  url: https://conda.anaconda.org/conda-forge/noarch/colorama-0.4.6-pyhd8ed1ab_1.conda
  hash:
    md5: 962b9857ee8e7018c22f2776ffa0b2d7
    sha256: ab29d57dc70786c1269633ba3dff20288b81664d3ff8d21af995742e2bb03287
  category: main
  optional: false
- name: curl
  version: 8.22.0
  manager: conda
  platform: win-64
  dependencies:
    krb5: '>=1.22.2,<1.23.0a0'
    libcurl: 8.22.0
    libpsl: '>=0.23.1,<0.24.0a0'
    libssh2: '>=1.11.1,<2.0a0'
    libzlib: '>=1.3.2,<2.0a0'
    ucrt: '>=10.0.20348.0'
    vc: '>=14.3,<15'
    vc14_runtime: '>=14.44.35208'
  url: https://conda.anaconda.org/conda-forge/win-64/curl-8.22.0-hdb0ef4a_0.conda
  hash:
    md5: a21861ac889a38415844187508d6d56a
    sha256: 51175dea0676945b30068972202eca282bbfe7774931d3e1369c91a60518d065
  category: main
  optional: false
- name: exceptiongroup
  version: 1.3.1
  manager: conda
  platform: win-64
  dependencies:
    python: '>=3.10'
    typing_extensions: '>=4.6.0'
  url: https://conda.anaconda.org/conda-forge/noarch/exceptiongroup-1.3.1-pyhd8ed1ab_0.conda
  hash:
    md5: 8e662bd460bda79b1ea39194e3c4c9ab
    sha256: ee6cf346d017d954255bbcbdb424cddea4d14e4ed7e9813e429db1d795d01144
  category: main
  optional: false
- name: font-ttf-dejavu-sans-mono
  version: '2.37'
  manager: conda
  platform: win-64
  dependencies: {}
  url: https://conda.anaconda.org/conda-forge/noarch/font-ttf-dejavu-sans-mono-2.37-hab24e00_0.tar.bz2
  hash:
    md5: 0c96522c6bdaed4b1566d11387caaf45
    sha256: 58d7f40d2940dd0a8aa28651239adbf5613254df0f75789919c4e6762054403b
  category: main
  optional: false
- name: font-ttf-inconsolata
  version: '3.000'
  manager: conda
  platform: win-64
  dependencies: {}
  url: https://conda.anaconda.org/conda-forge/noarch/font-ttf-inconsolata-3.000-h77eed37_0.tar.bz2
  hash:
    md5: 34893075a5c9e55cdafac56607368fc6
    sha256: c52a29fdac682c20d252facc50f01e7c2e7ceac52aa9817aaf0bb83f7559ec5c
  category: main
  optional: false
- name: font-ttf-source-code-pro
  version: '2.038'
  manager: conda
  platform: win-64
  dependencies: {}
  url: https://conda.anaconda.org/conda-forge/noarch/font-ttf-source-code-pro-2.038-h77eed37_0.tar.bz2
  hash:
    md5: 4d59c254e01d9cde7957100457e2d5fb
    sha256: 00925c8c055a2275614b4d983e1df637245e19058d79fc7dd1a93b8d9fb4b139
  category: main
  optional: false
- name: font-ttf-ubuntu
  version: '0.83'
  manager: conda
  platform: win-64
  dependencies: {}
  url: https://conda.anaconda.org/conda-forge/noarch/font-ttf-ubuntu-0.83-h77eed37_3.conda
  hash:
    md5: 49023d73832ef61042f6a237cb2687e7
    sha256: 2821ec1dc454bd8b9a31d0ed22a7ce22422c0aef163c59f49dfdf915d0f0ca14
  category: main
  optional: false
- name: fontconfig
  version: 2.18.3
  manager: conda
  platform: win-64
  dependencies:
    libexpat: '>=2.8.1,<3.0a0'
    libfreetype: '>=2.14.3'
    libfreetype6: '>=2.14.3'
    libiconv: '>=1.18,<2.0a0'
    libintl: '>=0.22.5,<1.0a0'
    libzlib: '>=1.3.2,<2.0a0'
    ucrt: '>=10.0.20348.0'
    vc: '>=14.3,<15'
    vc14_runtime: '>=14.44.35208'
  url: https://conda.anaconda.org/conda-forge/win-64/fontconfig-2.18.3-hd47e2ca_1.conda
  hash:
    md5: ed95670fed91b091fe34ba6cae6677d7
    sha256: f26139e3c774a6434c8a73381c08e3d2a4c2f9d9ef9587c66aab8836211ee2ec
  category: main
  optional: false
- name: fonts-conda-ecosystem
  version: '1'
  manager: conda
  platform: win-64
  dependencies:
    fonts-conda-forge: ''
  url: https://conda.anaconda.org/conda-forge/noarch/fonts-conda-ecosystem-1-0.tar.bz2
  hash:
    md5: fee5683a3f04bd15cbd8318b096a27ab
    sha256: a997f2f1921bb9c9d76e6fa2f6b408b7fa549edd349a77639c9fe7a23ea93e61
  category: main
  optional: false
- name: fonts-conda-forge
  version: '1'
  manager: conda
  platform: win-64
  dependencies:
    font-ttf-dejavu-sans-mono: ''
    font-ttf-inconsolata: ''
    font-ttf-source-code-pro: ''
    font-ttf-ubuntu: ''
  url: https://conda.anaconda.org/conda-forge/noarch/fonts-conda-forge-1-hc364b38_1.conda
  hash:
    md5: a7970cd949a077b7cb9696379d338681
    sha256: 54eea8469786bc2291cc40bca5f46438d3e062a399e8f53f013b6a9f50e98333
  category: main
  optional: false
- name: freeglut
  version: 3.2.2
  manager: conda
  platform: win-64
  dependencies:
    ucrt: '>=10.0.20348.0'
    vc: '>=14.3,<15'
    vc14_runtime: '>=14.44.35208'
  url: https://conda.anaconda.org/conda-forge/win-64/freeglut-3.2.2-hac47afa_4.conda
  hash:
    md5: dd76cafa8f23c9aaee93aa7e745fdba4
    sha256: d4d255236a305e0fde4f9b360cca647331fad5348f70333c88fc50b3a6eabccc
  category: main
  optional: false
- name: graphite2
  version: 1.3.15
  manager: conda
  platform: win-64
  dependencies:
    ucrt: '>=10.0.20348.0'
    vc: '>=14.3,<15'
    vc14_runtime: '>=14.44.35208'
  url: https://conda.anaconda.org/conda-forge/win-64/graphite2-1.3.15-h5112557_1.conda
  hash:
    md5: 79538e7a7bc024084eda5989f73fde35
    sha256: 93a59bdf944fb6f947bd7ad2f293d5d80db3a90f8ff8dfabc591e3752141e46f
  category: main
  optional: false
- name: icu
  version: '78.3'
  manager: conda
  platform: win-64
  dependencies:
    ucrt: '>=10.0.20348.0'
    vc: '>=14.3,<15'
    vc14_runtime: '>=14.44.35208'
  url: https://conda.anaconda.org/conda-forge/win-64/icu-78.3-h5112557_2.conda
  hash:
    md5: e596942e8ee6ee17fdcf1e6a77757a66
    sha256: 75c549b55b673e15de8785a8e5dd85bca7eb612eee0ff4dc8d7bdaa15eacbdbb
  category: main
  optional: false
- name: iniconfig
  version: 2.3.0
  manager: conda
  platform: win-64
  dependencies:
    python: '>=3.10'
  url: https://conda.anaconda.org/conda-forge/noarch/iniconfig-2.3.0-pyhd8ed1ab_0.conda
  hash:
    md5: 9614359868482abba1bd15ce465e3c42
    sha256: e1a9e3b1c8fe62dc3932a616c284b5d8cbe3124bbfbedcf4ce5c828cb166ee19
  category: main
  optional: false
- name: jbig2dec
  version: '0.20'
  manager: conda
  platform: win-64
  dependencies:
    libpng: '>=1.6.55,<1.7.0a0'
    libzlib: '>=1.3.1,<2.0a0'
    ucrt: '>=10.0.20348.0'
    vc: '>=14.3,<15'
    vc14_runtime: '>=14.44.35208'
  url: https://conda.anaconda.org/conda-forge/win-64/jbig2dec-0.20-hbd848b6_0.conda
  hash:
    md5: e2f10d29f245e2b1e8ce3d9d229d5f90
    sha256: a0a16fe55aec5472b0400404c8ccf56ab77268091645ed03d28698947a130fd5
  category: main
  optional: false
- name: krb5
  version: 1.22.2
  manager: conda
  platform: win-64
  dependencies:
    openssl: '>=3.5.7,<4.0a0'
    ucrt: '>=10.0.20348.0'
    vc: '>=14.3,<15'
    vc14_runtime: '>=14.44.35208'
  url: https://conda.anaconda.org/conda-forge/win-64/krb5-1.22.2-h719d79b_2.conda
  hash:
    md5: 93f5a01dec294a2228f757fe2f3432d4
    sha256: 63ff03324e903eb01a715ccf357df56d66224e61952fd6615d86490ebefb3285
  category: main
  optional: false
- name: lerc
  version: 4.2.0
  manager: conda
  platform: win-64
  dependencies:
    ucrt: '>=10.0.20348.0'
    vc: '>=14.3,<15'
    vc14_runtime: '>=14.44.35208'
  url: https://conda.anaconda.org/conda-forge/win-64/lerc-4.2.0-hd936e49_0.conda
  hash:
    md5: add59e2b60ac9d4299d17c938185c75a
    sha256: 93d666f63f284ef77b87b0b1f77b70f7d36d315a132f9afa64bc0012d937ba39
  category: main
  optional: false
- name: libblas
  version: 3.11.0
  manager: conda
  platform: win-64
  dependencies:
    mkl: '>=2026.1.0,<2027.0a0'
  url: https://conda.anaconda.org/conda-forge/win-64/libblas-3.11.0-10_h8455456_mkl.conda
  hash:
    md5: 0d13dde4466d62a488e58f12aedacc1c
    sha256: 75eda322affc30fcdbd68e5aba7f8dbec91ff53c7d3f281828b5473af3e95bd4
  category: main
  optional: false
- name: libbrotlicommon
  version: 1.2.0
  manager: conda
  platform: win-64
  dependencies:
    ucrt: '>=10.0.20348.0'
    vc: '>=14.3,<15'
    vc14_runtime: '>=14.44.35208'
  url: https://conda.anaconda.org/conda-forge/win-64/libbrotlicommon-1.2.0-hf02afa3_4.conda
  hash:
    md5: 35d7e4a581c8364e8c675f6b95d183d0
    sha256: 88247c467f77d99abfe2596fa5c91c2ec0f2942d6fc292d5729ab3538d1b0a0f
  category: main
  optional: false
- name: libbrotlidec
  version: 1.2.0
  manager: conda
  platform: win-64
  dependencies:
    libbrotlicommon: 1.2.0
    ucrt: '>=10.0.20348.0'
    vc: '>=14.3,<15'
    vc14_runtime: '>=14.44.35208'
  url: https://conda.anaconda.org/conda-forge/win-64/libbrotlidec-1.2.0-h84f9c24_4.conda
  hash:
    md5: 1b4637ca71b21c0d31ab28c3c0b34c8e
    sha256: ddcf50274ccdd863c176190726c524903e0b875aa13e9d60c3755b2fa221fc62
  category: main
  optional: false
- name: libbrotlienc
  version: 1.2.0
  manager: conda
  platform: win-64
  dependencies:
    libbrotlicommon: 1.2.0
    ucrt: '>=10.0.20348.0'
    vc: '>=14.3,<15'
    vc14_runtime: '>=14.44.35208'
  url: https://conda.anaconda.org/conda-forge/win-64/libbrotlienc-1.2.0-he2a975b_4.conda
  hash:
    md5: 562b5e39b7797423e7fd04bae1c6ad70
    sha256: d6744e57961728e12e4ac8e54bb0edd235a1c34d663a9df0dd153f9540a799bc
  category: main
  optional: false
- name: libcblas
  version: 3.11.0
  manager: conda
  platform: win-64
  dependencies:
    libblas: 3.11.0
  url: https://conda.anaconda.org/conda-forge/win-64/libcblas-3.11.0-10_h2a3cdd5_mkl.conda
  hash:
    md5: 7f19a81a13d7e167c42c096ff311a341
    sha256: 683c47e93178836bbbf0213241f4beb5454b60f75622040cbc73d1ef61df311f
  category: main
  optional: false
- name: libcurl
  version: 8.22.0
  manager: conda
  platform: win-64
  dependencies:
    krb5: '>=1.22.2,<1.23.0a0'
    libpsl: '>=0.23.1,<0.24.0a0'
    libssh2: '>=1.11.1,<2.0a0'
    libzlib: '>=1.3.2,<2.0a0'
    ucrt: '>=10.0.20348.0'
    vc: '>=14.3,<15'
    vc14_runtime: '>=14.44.35208'
  url: https://conda.anaconda.org/conda-forge/win-64/libcurl-8.22.0-hdb0ef4a_0.conda
  hash:
    md5: e8405e754eaac42d66f957222fcfd876
    sha256: 5fe063cffa90ad3ef04e25c76b1a79cdbc4f6c43747164a7dcdd89c4faebb84e
  category: main
  optional: false
- name: libdeflate
  version: '1.25'
  manager: conda
  platform: win-64
  dependencies:
    ucrt: '>=10.0.20348.0'
    vc: '>=14.3,<15'
    vc14_runtime: '>=14.44.35208'
  url: https://conda.anaconda.org/conda-forge/win-64/libdeflate-1.25-h1a1d4e4_1.conda
  hash:
    md5: e4e122e124676a49eebf241399ad8393
    sha256: af1cda21d4653f594fbef20aa4e1ff158a546902b3307ef8af9a9b44b43862d2
  category: main
  optional: false
- name: libexpat
  version: 2.8.1
  manager: conda
  platform: win-64
  dependencies:
    ucrt: '>=10.0.20348.0'
    vc: '>=14.3,<15'
    vc14_runtime: '>=14.44.35208'
  url: https://conda.anaconda.org/conda-forge/win-64/libexpat-2.8.1-hac47afa_1.conda
  hash:
    md5: ccc490c81ffe14181861beac0e8f3169
    sha256: 1a54d874addda73b6f7164d5f3905821277a1831bcc05edd74b3085391688571
  category: main
  optional: false
- name: libffi
  version: 3.7.0
  manager: conda
  platform: win-64
  dependencies:
    ucrt: '>=10.0.20348.0'
    vc: '>=14.3,<15'
    vc14_runtime: '>=14.44.35208'
  url: https://conda.anaconda.org/conda-forge/win-64/libffi-3.7.0-h3d046cb_1.conda
  hash:
    md5: ceb38b0ba900847d8da4289c3c8e5708
    sha256: 613e8077c5cca5df7fe84ade7d5050301bee3c6c4c450ffe61d34a349ab4f11c
  category: main
  optional: false
- name: libfreetype
  version: 2.14.3
  manager: conda
  platform: win-64
  dependencies:
    libfreetype6: '>=2.14.3'
  url: https://conda.anaconda.org/conda-forge/win-64/libfreetype-2.14.3-h57928b3_2.conda
  hash:
    md5: 740f99c3c91079c03874b809fedace1b
    sha256: d794d7fddb6eea50e18a62fa27ab3819f40d51bad00b90cf4ca591fb0d4006c2
  category: main
  optional: false
- name: libfreetype6
  version: 2.14.3
  manager: conda
  platform: win-64
  dependencies:
    libpng: '>=1.6.58,<1.7.0a0'
    libzlib: '>=1.3.2,<2.0a0'
    ucrt: '>=10.0.20348.0'
    vc: '>=14.3,<15'
    vc14_runtime: '>=14.44.35208'
  url: https://conda.anaconda.org/conda-forge/win-64/libfreetype6-2.14.3-hdbac1cb_2.conda
  hash:
    md5: 8157483eb7ed3fcba71aad3b50a97131
    sha256: cbc650854003e434d4ff6c7b1a2667e38a4242ad8a391a1c5ff89721624065ce
  category: main
  optional: false
- name: libglib
  version: 2.88.3
  manager: conda
  platform: win-64
  dependencies:
    libffi: '>=3.7.0,<3.8.0a0'
    libiconv: '>=1.18,<2.0a0'
    libintl: '>=0.22.5,<1.0a0'
    libzlib: '>=1.3.2,<2.0a0'
    pcre2: '>=10.47,<10.48.0a0'
    ucrt: '>=10.0.20348.0'
    vc: '>=14.3,<15'
    vc14_runtime: '>=14.44.35208'
  url: https://conda.anaconda.org/conda-forge/win-64/libglib-2.88.3-h261a839_3.conda
  hash:
    md5: 6326b3f7af94482676d8eef011b2f9d6
    sha256: adfe233cc1b366d51b0108e3a3b77a8e2f3c5c88d5846badd80bd6400aa2e552
  category: main
  optional: false
- name: libgumbo
  version: 1.0.0
  manager: conda
  platform: win-64
  dependencies:
    ucrt: '>=10.0.20348.0'
    vc: '>=14.2,<15'
    vc14_runtime: '>=14.29.30139'
  url: https://conda.anaconda.org/conda-forge/win-64/libgumbo-1.0.0-he0c23c2_1.conda
  hash:
    md5: fa5599b526dbdf98ee38a6e2f1a7bb3f
    sha256: 7122d5491393eecef31585596173e559de1a2c813c3b53072354da94aea30f37
  category: main
  optional: false
- name: libharfbuzz
  version: 14.4.0
  manager: conda
  platform: win-64
  dependencies:
    cairo: '>=1.18.4,<2.0a0'
    graphite2: '>=1.3.15,<2.0a0'
    icu: '>=78.3,<79.0a0'
    libexpat: '>=2.8.1,<3.0a0'
    libfreetype: '>=2.14.3'
    libfreetype6: '>=2.14.3'
    libglib: '>=2.88.3,<3.0a0'
    libpng: '>=1.6.58,<1.7.0a0'
    libzlib: '>=1.3.2,<2.0a0'
    ucrt: '>=10.0.20348.0'
    vc: '>=14.3,<15'
    vc14_runtime: '>=14.44.35208'
  url: https://conda.anaconda.org/conda-forge/win-64/libharfbuzz-14.4.0-h03b5201_1.conda
  hash:
    md5: d7b92075b7461e40fd8e90f08669a742
    sha256: 582f1fadfdc44e82ff937e1de5f6eff19f7114ce10a8051e306510220cb30275
  category: main
  optional: false
- name: libhwloc
  version: 2.13.0
  manager: conda
  platform: win-64
  dependencies:
    libwinpthread: '>=12.0.0.r4.gg4f2fc60ca'
    libxml2: ''
    libxml2-16: '>=2.14.6'
    ucrt: '>=10.0.20348.0'
    vc: '>=14.3,<15'
    vc14_runtime: '>=14.44.35208'
  url: https://conda.anaconda.org/conda-forge/win-64/libhwloc-2.13.0-default_h049141e_1000.conda
  hash:
    md5: 6a01c986e30292c715038d2788aa1385
    sha256: 2ee12e37223dfcd0acd050c80a91150c482b6e2899198521e1800dce66662467
  category: main
  optional: false
- name: libiconv
  version: '1.18'
  manager: conda
  platform: win-64
  dependencies:
    ucrt: '>=10.0.20348.0'
    vc: '>=14.3,<15'
    vc14_runtime: '>=14.44.35208'
  url: https://conda.anaconda.org/conda-forge/win-64/libiconv-1.18-hc1393d2_3.conda
  hash:
    md5: a8a2abdf0f901bc4779d9b7be0845921
    sha256: 35e04e3ddac7720fc7c550a1c9f998604299d6a7bd1f3ec9b2825d825061daa2
  category: main
  optional: false
- name: libintl
  version: 0.22.5
  manager: conda
  platform: win-64
  dependencies:
    libiconv: '>=1.18,<2.0a0'
  url: https://conda.anaconda.org/conda-forge/win-64/libintl-0.22.5-h5728263_4.conda
  hash:
    md5: 36d6e0045173974521fabd42bd5033d6
    sha256: 85b50be2209f3b8a873830ec9894477d260f4c7ba9540e65959f5812bf7219f8
  category: main
  optional: false
- name: libjpeg-turbo
  version: 3.2.0
  manager: conda
  platform: win-64
  dependencies:
    ucrt: '>=10.0.20348.0'
    vc: '>=14.3,<15'
    vc14_runtime: '>=14.44.35208'
  url: https://conda.anaconda.org/conda-forge/win-64/libjpeg-turbo-3.2.0-hfd05255_1.conda
  hash:
    md5: fc2c23bacefd1e733f1e1d6cd3b2aaeb
    sha256: df78ab4c0eecb3dd9331898f96baeed8e5ca1c363346332517abeb0b614b9a53
  category: main
  optional: false
- name: liblapack
  version: 3.11.0
  manager: conda
  platform: win-64
  dependencies:
    libblas: 3.11.0
  url: https://conda.anaconda.org/conda-forge/win-64/liblapack-3.11.0-10_hf9ab0e9_mkl.conda
  hash:
    md5: 3a442b27a0ca4153d07b3ceb12fd486f
    sha256: d7074faabf4ecace4584801d5f41c71be1e5cf52a659eab2604a96c5a8f437a9
  category: main
  optional: false
- name: liblzma
  version: 5.8.3
  manager: conda
  platform: win-64
  dependencies:
    ucrt: '>=10.0.20348.0'
    vc: '>=14.3,<15'
    vc14_runtime: '>=14.44.35208'
  url: https://conda.anaconda.org/conda-forge/win-64/liblzma-5.8.3-hfd05255_1.conda
  hash:
    md5: 880a0c8549479b198af21ba5dc49b109
    sha256: d36c4a1e1f80fd08e18a407e03622ff2f34dfdd022da6488ad19603dea19e6d5
  category: main
  optional: false
- name: libpng
  version: 1.6.58
  manager: conda
  platform: win-64
  dependencies:
    libzlib: '>=1.3.2,<2.0a0'
    ucrt: '>=10.0.20348.0'
    vc: '>=14.3,<15'
    vc14_runtime: '>=14.44.35208'
  url: https://conda.anaconda.org/conda-forge/win-64/libpng-1.6.58-hdc8cecf_1.conda
  hash:
    md5: 5aa7348e73691187c81d51616f17e48a
    sha256: 8c49c32adf3ba2c59783630b82377f54ab72204ea99e2bafc90a47a8e25c1032
  category: main
  optional: false
- name: libpsl
  version: 0.23.1
  manager: conda
  platform: win-64
  dependencies:
    icu: '>=78.3,<79.0a0'
    ucrt: '>=10.0.20348.0'
    vc: '>=14.3,<15'
    vc14_runtime: '>=14.44.35208'
  url: https://conda.anaconda.org/conda-forge/win-64/libpsl-0.23.1-h9b16d47_1.conda
  hash:
    md5: 39cdf8c4f59e4d253cfa8091c8b3d7de
    sha256: e53fe3b09f82b59b644264133d6d148ac31bb5451b7583cff55690bf038f2f62
  category: main
  optional: false
- name: libpython
  version: 3.11.16
  manager: conda
  platform: win-64
  dependencies:
    ucrt: '>=10.0.20348.0'
    vc: '>=14.3,<15'
    vc14_runtime: '>=14.44.35208'
  url: https://conda.anaconda.org/conda-forge/win-64/libpython-3.11.16-hcc31f7b_2_cpython.conda
  hash:
    md5: 10fade090385803157f532053aca2c74
    sha256: 04f062b03acf1ddc4beec719f96e55f1d2e7fb95f5ec9b165a2842fd8f477b59
  category: main
  optional: false
- name: libsqlite
  version: 3.53.4
  manager: conda
  platform: win-64
  dependencies:
    ucrt: '>=10.0.20348.0'
    vc: '>=14.3,<15'
    vc14_runtime: '>=14.44.35208'
  url: https://conda.anaconda.org/conda-forge/win-64/libsqlite-3.53.4-hf5d6505_1.conda
  hash:
    md5: a72d495965b144bb7da033642d389047
    sha256: 0a45d7c0f20146fff787a106f8fa187872e309c70975ff8f0936e188914c26ad
  category: main
  optional: false
- name: libssh2
  version: 1.11.1
  manager: conda
  platform: win-64
  dependencies:
    libzlib: '>=1.3.2,<2.0a0'
    openssl: '>=3.5.7,<4.0a0'
    ucrt: '>=10.0.20348.0'
    vc: '>=14.3,<15'
    vc14_runtime: '>=14.44.35208'
  url: https://conda.anaconda.org/conda-forge/win-64/libssh2-1.11.1-h734d217_1.conda
  hash:
    md5: a21dd9ca39e74910bb96989feb916420
    sha256: 1097b08429b4f53f5751a32c6d99a083d227ca7f7812c0b239eea124cec073a0
  category: main
  optional: false
- name: libtiff
  version: 4.7.2
  manager: conda
  platform: win-64
  dependencies:
    lerc: '>=4.2.0,<5.0a0'
    libdeflate: '>=1.25,<1.26.0a0'
    libjpeg-turbo: '>=3.2.0,<4.0a0'
    liblzma: '>=5.8.3,<6.0a0'
    libzlib: '>=1.3.2,<2.0a0'
    ucrt: '>=10.0.20348.0'
    vc: '>=14.3,<15'
    vc14_runtime: '>=14.44.35208'
    zstd: '>=1.5.7,<1.6.0a0'
  url: https://conda.anaconda.org/conda-forge/win-64/libtiff-4.7.2-h8f73337_1.conda
  hash:
    md5: 970dbe48f843e7fbd179a9b6c22f865a
    sha256: 3575a092e3e52625a1767804a4ebd321becaadf61b63dcd6735ebb88c0b3c359
  category: main
  optional: false
- name: libwinpthread
  version: 12.0.0.r4.gg4f2fc60ca
  manager: conda
  platform: win-64
  dependencies:
    ucrt: ''
  url: https://conda.anaconda.org/conda-forge/win-64/libwinpthread-12.0.0.r4.gg4f2fc60ca-h57928b3_10.conda
  hash:
    md5: 8a86073cf3b343b87d03f41790d8b4e5
    sha256: 0fccf2d17026255b6e10ace1f191d0a2a18f2d65088fd02430be17c701f8ffe0
  category: main
  optional: false
- name: libxml2
  version: 2.15.4
  manager: conda
  platform: win-64
  dependencies:
    icu: '>=78.3,<79.0a0'
    libiconv: '>=1.18,<2.0a0'
    liblzma: '>=5.8.3,<6.0a0'
    libxml2-16: 2.15.4
    libzlib: '>=1.3.2,<2.0a0'
    ucrt: '>=10.0.20348.0'
    vc: '>=14.3,<15'
    vc14_runtime: '>=14.44.35208'
  url: https://conda.anaconda.org/conda-forge/win-64/libxml2-2.15.4-he095d88_0.conda
  hash:
    md5: 3ce54d0f8f24dfab99d82414411640aa
    sha256: a19bb3821830f6b1281e782844d5dd265f796dfed2e4812b16c9995a8c778c88
  category: main
  optional: false
- name: libxml2-16
  version: 2.15.4
  manager: conda
  platform: win-64
  dependencies:
    icu: '>=78.3,<79.0a0'
    libiconv: '>=1.18,<2.0a0'
    liblzma: '>=5.8.3,<6.0a0'
    libzlib: '>=1.3.2,<2.0a0'
    ucrt: '>=10.0.20348.0'
    vc: '>=14.3,<15'
    vc14_runtime: '>=14.44.35208'
  url: https://conda.anaconda.org/conda-forge/win-64/libxml2-16-2.15.4-h3cfd58e_0.conda
  hash:
    md5: bab5489f4bd38494ffaa83d6ab924c1f
    sha256: 9fa71cec30425c9cc8eda6af3574af1faf4fefa5e239c9e037b1f778ef3ce8ac
  category: main
  optional: false
- name: libzlib
  version: 1.3.2
  manager: conda
  platform: win-64
  dependencies:
    ucrt: '>=10.0.20348.0'
    vc: '>=14.3,<15'
    vc14_runtime: '>=14.44.35208'
  url: https://conda.anaconda.org/conda-forge/win-64/libzlib-1.3.2-hfd05255_3.conda
  hash:
    md5: 5d2ff29d465097458cc3ff6569151991
    sha256: 0629c2cc0404d3bb29d6baa7b4ba62da80797015e86de050db81ea5a07050527
  category: main
  optional: false
- name: llvm-openmp
  version: 23.1.0
  manager: conda
  platform: win-64
  dependencies:
    ucrt: '>=10.0.20348.0'
    vc: '>=14.3,<15'
    vc14_runtime: '>=14.44.35208'
  url: https://conda.anaconda.org/conda-forge/win-64/llvm-openmp-23.1.0-h49e36cd_0.conda
  hash:
    md5: 79055ec79e1b43749763122cead30976
    sha256: f9658ec83a6744f38e2b8188c76e1c2dea2614f5aa0e14d9d274b19f60646b8c
  category: main
  optional: false
- name: mkl
  version: 2026.1.0
  manager: conda
  platform: win-64
  dependencies:
    llvm-openmp: '>=22.1.8'
    tbb: '>=2023.0.0'
    ucrt: '>=10.0.20348.0'
    vc: '>=14.3,<15'
    vc14_runtime: '>=14.44.35208'
  url: https://conda.anaconda.org/conda-forge/win-64/mkl-2026.1.0-hac47afa_235.conda
  hash:
    md5: ace316c48c178d7faa403dee51e30c7b
    sha256: bb8abe071f73765446df62924031e6599577e8ac9003264dc4569e78c0fea16d
  category: main
  optional: false
- name: mupdf
  version: 1.28.0
  manager: conda
  platform: win-64
  dependencies:
    curl: ''
    freeglut: '>=3.2.2,<4.0a0'
    jbig2dec: '>=0.20,<0.21.0a0'
    libbrotlicommon: '>=1.2.0,<1.3.0a0'
    libbrotlidec: '>=1.2.0,<1.3.0a0'
    libbrotlienc: '>=1.2.0,<1.3.0a0'
    libfreetype: '>=2.14.3'
    libfreetype6: '>=2.14.3'
    libgumbo: '>=1.0.0,<1.1.0a0'
    libharfbuzz: '>=14.3.0'
    libzlib: '>=1.3.2,<2.0a0'
    openjpeg: '>=2.5.4,<3.0a0'
    python: ''
    python_abi: 3.11.*
    ucrt: '>=10.0.20348.0'
    vc: '>=14.3,<15'
    vc14_runtime: '>=14.44.35208'
  url: https://conda.anaconda.org/conda-forge/win-64/mupdf-1.28.0-py311h47e6b4a_2.conda
  hash:
    md5: d25678314f6d21bb41983ec5e98ba933
    sha256: a088d300b6e750da90ec862a97f9ba1279e812ab10e921df73cd872c406bcef2
  category: main
  optional: false
- name: numpy
  version: 2.4.6
  manager: conda
  platform: win-64
  dependencies:
    libblas: '>=3.9.0,<4.0a0'
    libcblas: '>=3.9.0,<4.0a0'
    liblapack: '>=3.9.0,<4.0a0'
    python: ''
    python_abi: 3.11.*
    ucrt: '>=10.0.20348.0'
    vc: '>=14.3,<15'
    vc14_runtime: '>=14.44.35208'
  url: https://conda.anaconda.org/conda-forge/win-64/numpy-2.4.6-py311h65cb7f3_0.conda
  hash:
    md5: ef5c1dedd943abfb0b80112ba46d4ab8
    sha256: cd26f615140d0ed557f8927947ca62c181d55ddbe418eebd24bd06cd32fb3938
  category: main
  optional: false
- name: openjpeg
  version: 2.5.4
  manager: conda
  platform: win-64
  dependencies:
    libpng: '>=1.6.58,<1.7.0a0'
    libtiff: '>=4.7.2,<4.8.0a0'
    libzlib: '>=1.3.2,<2.0a0'
    ucrt: '>=10.0.20348.0'
    vc: '>=14.3,<15'
    vc14_runtime: '>=14.44.35208'
  url: https://conda.anaconda.org/conda-forge/win-64/openjpeg-2.5.4-h90fa87c_2.conda
  hash:
    md5: d9b2cb1079cf59651722c09aa3a9f840
    sha256: d1c630ccd9ae0898b48d84e986f4c330f66a25e535f99efe8cbf03f042b33da5
  category: main
  optional: false
- name: openssl
  version: 3.6.4
  manager: conda
  platform: win-64
  dependencies:
    ca-certificates: ''
    ucrt: '>=10.0.20348.0'
    vc: '>=14.3,<15'
    vc14_runtime: '>=14.44.35208'
  url: https://conda.anaconda.org/conda-forge/win-64/openssl-3.6.4-hf411b9b_0.conda
  hash:
    md5: 73cb1783f47c452be4c309430fbef89f
    sha256: 9dddb559ba49744d5d94092d8d13cb0567f5c3b3f439f3acf28433d1f4256acc
  category: main
  optional: false
- name: packaging
  version: '26.3'
  manager: conda
  platform: win-64
  dependencies:
    python: '>=3.9'
  url: https://conda.anaconda.org/conda-forge/noarch/packaging-26.3-pyhc364b38_0.conda
  hash:
    md5: 936687ed80f295a1f5dbcf8bd34c252c
    sha256: c432626b16768b8dab228bfb706f7060c2d462a21c516d240f68f2f902b5a044
  category: main
  optional: false
- name: pandas
  version: 3.0.5
  manager: conda
  platform: win-64
  dependencies:
    numpy: '>=1.23,<3,>=1.26.0'
    python: ''
    python-dateutil: '>=2.8.2'
    python-tzdata: ''
    python_abi: 3.11.*
    ucrt: '>=10.0.20348.0'
    vc: '>=14.3,<15'
    vc14_runtime: '>=14.44.35208'
  url: https://conda.anaconda.org/conda-forge/win-64/pandas-3.0.5-py311h0610301_1.conda
  hash:
    md5: fcd8af36ea7f1699b084bff4156cf061
    sha256: f6ad06540d2ad200ecac015f9845b85a31ec58c16f274168dcd011dbf31526a1
  category: main
  optional: false
- name: pcre2
  version: '10.47'
  manager: conda
  platform: win-64
  dependencies:
    bzip2: '>=1.0.8,<2.0a0'
    libzlib: '>=1.3.2,<2.0a0'
    ucrt: '>=10.0.20348.0'
    vc: '>=14.3,<15'
    vc14_runtime: '>=14.44.35208'
  url: https://conda.anaconda.org/conda-forge/win-64/pcre2-10.47-h8466c1e_1.conda
  hash:
    md5: 009af999dbe2d1db36a37187a4ca4eb4
    sha256: d8e9ea26b52a09d880d1e5371830c8dd5b4c099a6db64dbdf8236440744b7499
  category: main
  optional: false
- name: pip
  version: 26.2.1
  manager: conda
  platform: win-64
  dependencies:
    python: '>=3.10,<3.13.0a0'
    setuptools: ''
    wheel: ''
  url: https://conda.anaconda.org/conda-forge/noarch/pip-26.2.1-pyh8b19718_0.conda
  hash:
    md5: 77b6cf3b0689d9fc68561df0db9b856d
    sha256: c205bae42eb11b364fe3663a817cbcbc20a8ef544c6b2ff6f391013487117259
  category: main
  optional: false
- name: pixman
  version: 0.46.4
  manager: conda
  platform: win-64
  dependencies:
    ucrt: '>=10.0.20348.0'
    vc: '>=14.3,<15'
    vc14_runtime: '>=14.44.35208'
  url: https://conda.anaconda.org/conda-forge/win-64/pixman-0.46.4-h5112557_3.conda
  hash:
    md5: 27c5be39d9e4d25fe85b89a069360d1e
    sha256: cad8b94c2b00264a15d469eed6dc53aac1c59c6d46f27ad1d91bfaf227cf136a
  category: main
  optional: false
- name: pluggy
  version: 1.6.0
  manager: conda
  platform: win-64
  dependencies:
    python: '>=3.9'
  url: https://conda.anaconda.org/conda-forge/noarch/pluggy-1.6.0-pyhf9edf01_1.conda
  hash:
    md5: d7585b6550ad04c8c5e21097ada2888e
    sha256: e14aafa63efa0528ca99ba568eaf506eb55a0371d12e6250aaaa61718d2eb62e
  category: main
  optional: false
- name: pydantic
  version: 2.13.5
  manager: conda
  platform: win-64
  dependencies:
    annotated-types: '>=0.6.0'
    pydantic-core: 2.46.5
    python: '>=3.10'
    typing-inspection: '>=0.4.2'
    typing_extensions: '>=4.14.1'
  url: https://conda.anaconda.org/conda-forge/noarch/pydantic-2.13.5-pyhcf101f3_0.conda
  hash:
    md5: 2d0f9304fc1cb1e3e94e7b37c14cd70a
    sha256: 701ed8122021f62e1c9a46bdf4932ada911c10afa56ba0459f56da940bcbe5a7
  category: main
  optional: false
- name: pydantic-core
  version: 2.46.5
  manager: conda
  platform: win-64
  dependencies:
    python: ''
    python_abi: 3.11.*
    typing-extensions: '>=4.6.0,!=4.7.0'
    ucrt: '>=10.0.20348.0'
    vc: '>=14.3,<15'
    vc14_runtime: '>=14.44.35208'
  url: https://conda.anaconda.org/conda-forge/win-64/pydantic-core-2.46.5-py311hf51aa87_1.conda
  hash:
    md5: 70c94f5f5e8d5ef1a492e5da51f9266e
    sha256: 6efcdaf484b2f489dd3df97c81ea4a038a38506c7b4a25f09032648dd8e700a1
  category: main
  optional: false
- name: pygments
  version: 2.21.0
  manager: conda
  platform: win-64
  dependencies:
    python: '>=3.10'
  url: https://conda.anaconda.org/conda-forge/noarch/pygments-2.21.0-pyhcf101f3_0.conda
  hash:
    md5: 2882dee445dfa45b0c5afce3ffb7730a
    sha256: f5f015ff1bc3e1b7fc08eee096b1865234189ae0b82bebdb86a5369116e42fa0
  category: main
  optional: false
- name: pymupdf
  version: 1.28.0
  manager: conda
  platform: win-64
  dependencies:
    mupdf: 1.28.0.*
    python: ''
    python_abi: 3.11.*
    ucrt: '>=10.0.20348.0'
    vc: '>=14.3,<15'
    vc14_runtime: '>=14.44.35208'
  url: https://conda.anaconda.org/conda-forge/win-64/pymupdf-1.28.0-py311h5dfdfe8_0.conda
  hash:
    md5: ad135be4600dec658cb26c73b96b096e
    sha256: b560f77b737c88ad5fe086370ee74e722015ded1842e0f4fedfb6519fe40feb9
  category: main
  optional: false
- name: pytest
  version: 9.1.1
  manager: conda
  platform: win-64
  dependencies:
    colorama: ''
    exceptiongroup: '>=1'
    iniconfig: '>=1.0.1'
    packaging: '>=22'
    pluggy: '>=1.5,<2'
    pygments: '>=2.7.2'
    python: '>=3.10'
    tomli: '>=1'
  url: https://conda.anaconda.org/conda-forge/noarch/pytest-9.1.1-pyhc364b38_2.conda
  hash:
    md5: 64c98a12c4e23eb238bf66bbecafdf3c
    sha256: 430051d80765207a7d782b2b188230ba1489d35c6e75fd9903f76cb9fda4af16
  category: main
  optional: false
- name: python
  version: 3.11.16
  manager: conda
  platform: win-64
  dependencies:
    bzip2: '>=1.0.8,<2.0a0'
    libexpat: '>=2.8.1,<3.0a0'
    libffi: '>=3.7.0,<3.8.0a0'
    liblzma: '>=5.8.3,<6.0a0'
    libpython: 3.11.16
    libsqlite: '>=3.53.4,<4.0a0'
    libzlib: '>=1.3.2,<2.0a0'
    openssl: '>=3.5.8,<4.0a0'
    tk: '>=8.6.13,<8.7.0a0'
    tzdata: ''
    ucrt: '>=10.0.20348.0'
    vc: '>=14.3,<15'
    vc14_runtime: '>=14.44.35208'
  url: https://conda.anaconda.org/conda-forge/win-64/python-3.11.16-hb12b558_2_cpython.conda
  hash:
    md5: 253b0adaeefbea921fe6982124be0e64
    sha256: f8c7ba41d2bafe4b9f0be3f8f13a399dae76f5b83e679f63d86a26e8527f7c7a
  category: main
  optional: false
- name: python-dateutil
  version: 2.9.0.post0
  manager: conda
  platform: win-64
  dependencies:
    python: '>=3.9'
    six: '>=1.5'
  url: https://conda.anaconda.org/conda-forge/noarch/python-dateutil-2.9.0.post0-pyhe01879c_2.conda
  hash:
    md5: 5b8d21249ff20967101ffa321cab24e8
    sha256: d6a17ece93bbd5139e02d2bd7dbfa80bee1a4261dced63f65f679121686bf664
  category: main
  optional: false
- name: python-tzdata
  version: '2026.3'
  manager: conda
  platform: win-64
  dependencies:
    python: '>=3.10'
  url: https://conda.anaconda.org/conda-forge/noarch/python-tzdata-2026.3-pyhd8ed1ab_0.conda
  hash:
    md5: eefc8d916bd2e708d76d40398ef9a1ee
    sha256: 3f05db78cf8be33cf6dbc469664b8e3a01f3980d61d6d6bef48669b171896d8a
  category: main
  optional: false
- name: python_abi
  version: '3.11'
  manager: conda
  platform: win-64
  dependencies: {}
  url: https://conda.anaconda.org/conda-forge/noarch/python_abi-3.11-9_cp311.conda
  hash:
    md5: 18e91a03be08122180f208723e42a52e
    sha256: bcfbad269758f4617035314fe379ee655bc2d9db5282e7a00d61450b7cefa3cf
  category: main
  optional: false
- name: pyyaml
  version: 6.0.3
  manager: conda
  platform: win-64
  dependencies:
    python: '>=3.11,<3.12.0a0'
    python_abi: 3.11.*
    ucrt: '>=10.0.20348.0'
    vc: '>=14.3,<15'
    vc14_runtime: '>=14.44.35208'
    yaml: '>=0.2.5,<0.3.0a0'
  url: https://conda.anaconda.org/conda-forge/win-64/pyyaml-6.0.3-py311h3f79411_1.conda
  hash:
    md5: a0153c033dc55203e11d1cac8f6a9cf2
    sha256: 301c3ba100d25cd5ae37895988ee3ab986210d4d972aa58efed948fbe857773d
  category: main
  optional: false
- name: setuptools
  version: 84.0.0
  manager: conda
  platform: win-64
  dependencies:
    python: '>=3.10'
  url: https://conda.anaconda.org/conda-forge/noarch/setuptools-84.0.0-pyh332efcf_0.conda
  hash:
    md5: 62ac906f1cd582c6c264c95625cb9d6f
    sha256: 9e200ee5f9ff19a4d94e4b51c4856d53dec849f91032f345cf0c6bc3d51a7183
  category: main
  optional: false
- name: six
  version: 1.17.0
  manager: conda
  platform: win-64
  dependencies:
    python: '>=3.9'
  url: https://conda.anaconda.org/conda-forge/noarch/six-1.17.0-pyhe01879c_1.conda
  hash:
    md5: 3339e3b65d58accf4ca4fb8748ab16b3
    sha256: 458227f759d5e3fcec5d9b7acce54e10c9e1f4f4b7ec978f3bfd54ce4ee9853d
  category: main
  optional: false
- name: tbb
  version: 2023.1.0
  manager: conda
  platform: win-64
  dependencies:
    libhwloc: '>=2.13.0,<2.13.1.0a0'
    ucrt: '>=10.0.20348.0'
    vc: '>=14.3,<15'
    vc14_runtime: '>=14.44.35208'
  url: https://conda.anaconda.org/conda-forge/win-64/tbb-2023.1.0-hdcfe883_0.conda
  hash:
    md5: 8b1275f06705cdc2ab67f3bfdf4df843
    sha256: 7a65accbe954d0304b9056005f59fbee8b3928ceced38b1e3e8272aa1af0b750
  category: main
  optional: false
- name: tk
  version: 8.6.13
  manager: conda
  platform: win-64
  dependencies:
    ucrt: '>=10.0.20348.0'
    vc: '>=14.3,<15'
    vc14_runtime: '>=14.44.35208'
  url: https://conda.anaconda.org/conda-forge/win-64/tk-8.6.13-h967ab96_4.conda
  hash:
    md5: dd9eb33c99d352b6356f86964d6040f7
    sha256: f19618a3a82cc483dacf1c70a30367ee7b0c7e71b90f1f80e14feff44fbd3688
  category: main
  optional: false
- name: tomli
  version: 2.4.1
  manager: conda
  platform: win-64
  dependencies:
    python: '>=3.10'
  url: https://conda.anaconda.org/conda-forge/noarch/tomli-2.4.1-pyhcf101f3_0.conda
  hash:
    md5: b5325cf06a000c5b14970462ff5e4d58
    sha256: 91cafdb64268e43e0e10d30bd1bef5af392e69f00edd34dfaf909f69ab2da6bd
  category: main
  optional: false
- name: tqdm
  version: 4.70.0
  manager: conda
  platform: win-64
  dependencies:
    __win: ''
    colorama: ''
    python: '>=3.10'
  url: https://conda.anaconda.org/conda-forge/noarch/tqdm-4.70.0-pyha7b4d00_0.conda
  hash:
    md5: 7eac270516c8221cedc7f40a96d7fb8f
    sha256: 669cd06a4c7c1139f9c6b9850d16d71c1b4ce42375806976a03dba824283fef0
  category: main
  optional: false
- name: typing-extensions
  version: 4.16.0
  manager: conda
  platform: win-64
  dependencies:
    typing_extensions: ==4.16.0
  url: https://conda.anaconda.org/conda-forge/noarch/typing-extensions-4.16.0-h69aa097_0.conda
  hash:
    md5: c680b5747e8c4c8f23dca0bb7042a8fc
    sha256: b141933ece3518f6d7b75dfb59451e2f26b405a44c18e2518a83e9a02e09315c
  category: main
  optional: false
- name: typing-inspection
  version: 0.4.4
  manager: conda
  platform: win-64
  dependencies:
    python: '>=3.10'
    typing_extensions: '>=4.15.0'
  url: https://conda.anaconda.org/conda-forge/noarch/typing-inspection-0.4.4-pyhcf101f3_0.conda
  hash:
    md5: 880e91eac5d926568ef278e20554148e
    sha256: 293c66b208468d186a94ff486c2ffbf67859a2bde8c88e965fc9d06c517191b2
  category: main
  optional: false
- name: typing_extensions
  version: 4.16.0
  manager: conda
  platform: win-64
  dependencies:
    python: '>=3.10'
  url: https://conda.anaconda.org/conda-forge/noarch/typing_extensions-4.16.0-pyhcf101f3_0.conda
  hash:
    md5: c70ad746c22219b9700931707482992c
    sha256: 2d888f90af0686044882c74193ec80a90ec1943145d94a7b1b048958acda1848
  category: main
  optional: false
- name: tzdata
  version: 2026c
  manager: conda
  platform: win-64
  dependencies: {}
  url: https://conda.anaconda.org/conda-forge/noarch/tzdata-2026c-h151e31d_0.conda
  hash:
    md5: fcb489df604d100968b737f2cb6076c6
    sha256: b928c30ddcb0e3f544c6eade8352737e6e610e263276b90232db6a578ef899d8
  category: main
  optional: false
- name: ucrt
  version: 10.0.26100.0
  manager: conda
  platform: win-64
  dependencies: {}
  url: https://conda.anaconda.org/conda-forge/win-64/ucrt-10.0.26100.0-h57928b3_0.conda
  hash:
    md5: 71b24316859acd00bdb8b38f5e2ce328
    sha256: 3005729dce6f3d3f5ec91dfc49fc75a0095f9cd23bab49efb899657297ac91a5
  category: main
  optional: false
- name: vc
  version: '14.5'
  manager: conda
  platform: win-64
  dependencies:
    vc14_runtime: '>=14.51.36247'
  url: https://conda.anaconda.org/conda-forge/win-64/vc-14.5-ha367084_41.conda
  hash:
    md5: aa805b5522c2a98fa286e551a1f48546
    sha256: 35444c55a92e2f7f7ba26bc70f81e56e52344f7d064c0fd4b40a46a58517b79c
  category: main
  optional: false
- name: vc14_runtime
  version: 14.51.36247
  manager: conda
  platform: win-64
  dependencies:
    ucrt: '>=10.0.20348.0'
    vcomp14: 14.51.36247
  url: https://conda.anaconda.org/conda-forge/win-64/vc14_runtime-14.51.36247-habf1de7_41.conda
  hash:
    md5: ac5333bb3d429361f23adf704cc49a78
    sha256: 4e4cb599cdc41bf2109d1464c127b5bcbddf548ce3e322e612afb691338b48f8
  category: main
  optional: false
- name: vcomp14
  version: 14.51.36247
  manager: conda
  platform: win-64
  dependencies:
    ucrt: '>=10.0.20348.0'
  url: https://conda.anaconda.org/conda-forge/win-64/vcomp14-14.51.36247-habf1de7_41.conda
  hash:
    md5: 350bb67a5c8e5f1c53347ac544ab6600
    sha256: 731e043390c9457299484d39e427221fc868a9249540a498a5a4f6456c7744d1
  category: main
  optional: false
- name: wheel
  version: 0.48.0
  manager: conda
  platform: win-64
  dependencies:
    packaging: '>=24.0'
    python: '>=3.10'
  url: https://conda.anaconda.org/conda-forge/noarch/wheel-0.48.0-pyhd8ed1ab_0.conda
  hash:
    md5: 9a2124517bfd5d792e0f7b86eefdfeb8
    sha256: ba64b29b6d418024cb565081a1799262cb2780d2534ff4c14f76aa858c4286cd
  category: main
  optional: false
- name: yaml
  version: 0.2.5
  manager: conda
  platform: win-64
  dependencies:
    ucrt: '>=10.0.20348.0'
    vc: '>=14.3,<15'
    vc14_runtime: '>=14.44.35208'
  url: https://conda.anaconda.org/conda-forge/win-64/yaml-0.2.5-h6a83c73_3.conda
  hash:
    md5: 433699cba6602098ae8957a323da2664
    sha256: 80ee68c1e7683a35295232ea79bcc87279d31ffeda04a1665efdb43cbd50a309
  category: main
  optional: false
- name: zstd
  version: 1.5.7
  manager: conda
  platform: win-64
  dependencies:
    libzlib: '>=1.3.2,<2.0a0'
    ucrt: '>=10.0.20348.0'
    vc: '>=14.3,<15'
    vc14_runtime: '>=14.44.35208'
  url: https://conda.anaconda.org/conda-forge/win-64/zstd-1.5.7-h534d264_7.conda
  hash:
    md5: e4ac308c39d6d0e131154976da67cf3b
    sha256: ca7daae4f218a11fab82cc2857f0ea518ec3f46acec60490485347a4c22c6b3e
  category: main
  optional: false
- name: anyio
  version: 4.15.1
  manager: pip
  platform: win-64
  dependencies:
    idna: '>=2.8'
    typing-extensions: '>=4.16.0'
  url: https://files.pythonhosted.org/packages/12/b8/4bd346e22b28902df4d651910f5242c28d84e4a5c2435ca5c3f797ed7e2e/anyio-4.15.1-py3-none-any.whl
  hash:
    sha256: 6152fdbbf9a77fdec97731721bebf7c4c44f7c29b424b0065826173efc7ed101
  category: main
  optional: false
- name: certifi
  version: 2026.7.22
  manager: pip
  platform: win-64
  dependencies: {}
  url: https://files.pythonhosted.org/packages/0b/a7/71ac2cff56fec219ed242bb11b8efb69fcc4bec75db06fb7bfe35de520e6/certifi-2026.7.22-py3-none-any.whl
  hash:
    sha256: 62f22742b58a1a33014a2b6b706588a8d7e2a88ae7bd1a6ebe8c992928483775
  category: main
  optional: false
- name: cffi
  version: 2.1.1
  manager: pip
  platform: win-64
  dependencies:
    pycparser: '*'
  url: https://files.pythonhosted.org/packages/73/c0/77ba02423c2f7d7091143c45cd49e0e6575c4c1967394bb542bd923a9b74/cffi-2.1.1-cp311-cp311-win_amd64.whl
  hash:
    sha256: 42f6930c31dc7f50732c9ae793c2786c7b6b044195967bbdde40bb9be81c4cc0
  category: main
  optional: false
- name: charset-normalizer
  version: 3.5.1
  manager: pip
  platform: win-64
  dependencies: {}
  url: https://files.pythonhosted.org/packages/e3/57/32f0ccea59e8612057c61d6fd22ef2cb63cca93c9fe594094919696ac170/charset_normalizer-3.5.1-cp311-cp311-win_amd64.whl
  hash:
    sha256: f9b1e28d0e8dbfa858abdba91d6b547beaf2df1a59bec6da6faae7b96a4991a9
  category: main
  optional: false
- name: cryptography
  version: 50.0.1
  manager: pip
  platform: win-64
  dependencies:
    cffi: '>=2.0.0'
  url: https://files.pythonhosted.org/packages/42/8b/cb12b1b60c91b074ca6bf0fdd59aa8f10d8bc5f73af8faece86ef0421b37/cryptography-50.0.1-cp311-abi3-win_amd64.whl
  hash:
    sha256: aed8db4f6d71c51efb89530e12d9464e7bf2923d46c3205dc794a2a93f8c0648
  category: main
  optional: false
- name: distro
  version: 1.9.0
  manager: pip
  platform: win-64
  dependencies: {}
  url: https://files.pythonhosted.org/packages/12/b3/231ffd4ab1fc9d679809f356cebee130ac7daa00d6d6f3206dd4fd137e9e/distro-1.9.0-py3-none-any.whl
  hash:
    sha256: 7bffd925d65168f85027d8da9af6bddab658135b840670a223589bc0c8ef02b2
  category: main
  optional: false
- name: google-auth
  version: 2.57.1
  manager: pip
  platform: win-64
  dependencies:
    cryptography: '>=38.0.3'
    pyasn1-modules: '>=0.2.1'
    requests: '>=2.30.0,<3.0.0'
  url: https://files.pythonhosted.org/packages/3b/27/0f7247b8002a1404fdb5412aeb15fb0fe70288eb8f88a5873d1c0d8262cf/google_auth-2.57.1-py3-none-any.whl
  hash:
    sha256: ab439dee60a6856412bc058f13a68eb6a59c5b81526bb89cfdcf89ce9c0a48c9
  category: main
  optional: false
- name: google-genai
  version: 2.22.0
  manager: pip
  platform: win-64
  dependencies:
    anyio: '>=4.8.0,<5.0.0'
    distro: '>=1.7.0,<2'
    google-auth: '>=2.56.0,<3.0.0'
    httpx: '>=0.28.1,<1.0.0'
    pydantic: '>=2.12.5,<3.0.0'
    requests: '>=2.28.1,<3.0.0'
    sniffio: '*'
    tenacity: '>=8.2.3,<9.2.0'
    typing-extensions: '>=4.14.0,<5.0.0'
    websockets: '>=13.0.0,<17.0'
  url: https://files.pythonhosted.org/packages/de/96/0120d214958cb54f2b9c48da9f564a0e6eae269e9dd702415fb1d0551cc7/google_genai-2.22.0-py3-none-any.whl
  hash:
    sha256: c514001c45470cc0a942440ae1b8215445d12bfb6c373aac94637127e1f74ec6
  category: main
  optional: false
- name: h11
  version: 0.16.0
  manager: pip
  platform: win-64
  dependencies: {}
  url: https://files.pythonhosted.org/packages/04/4b/29cac41a4d98d144bf5f6d33995617b185d14b22401f75ca86f384e87ff1/h11-0.16.0-py3-none-any.whl
  hash:
    sha256: 63cf8bbe7522de3bf65932fda1d9c2772064ffb3dae62d55932da54b31cb6c86
  category: main
  optional: false
- name: httpcore
  version: 1.0.9
  manager: pip
  platform: win-64
  dependencies:
    certifi: '*'
    h11: '>=0.16'
  url: https://files.pythonhosted.org/packages/7e/f5/f66802a942d491edb555dd61e3a9961140fd64c90bce1eafd741609d334d/httpcore-1.0.9-py3-none-any.whl
  hash:
    sha256: 2d400746a40668fc9dec9810239072b40b4484b640a8c38fd654a024c7a1bf55
  category: main
  optional: false
- name: httpx
  version: 0.28.1
  manager: pip
  platform: win-64
  dependencies:
    anyio: '*'
    certifi: '*'
    httpcore: ==1.*
    idna: '*'
  url: https://files.pythonhosted.org/packages/2a/39/e50c7c3a983047577ee07d2a9e53faf5a69493943ec3f6a384bdc792deb2/httpx-0.28.1-py3-none-any.whl
  hash:
    sha256: d909fcccc110f8c7faf814ca82a9a4d816bc5a6dbfea25d6591d6985b8ba59ad
  category: main
  optional: false
- name: idna
  version: '3.19'
  manager: pip
  platform: win-64
  dependencies: {}
  url: https://files.pythonhosted.org/packages/57/b0/0e52c878c53f245edd3a11020f20979b3f490f245af532c7cae3027754b5/idna-3.19-py3-none-any.whl
  hash:
    sha256: 815e7be7a7806d54abb586dc943addc79e8b2ee16915059658cbeff4b1b43bf4
  category: main
  optional: false
- name: pyasn1
  version: 0.6.4
  manager: pip
  platform: win-64
  dependencies: {}
  url: https://files.pythonhosted.org/packages/9a/3b/6163796d69c3977d1e4287bea4a6979161cbbdd170ebb430511e8e1999ce/pyasn1-0.6.4-py3-none-any.whl
  hash:
    sha256: deda9277cfd454080ec40b207fb6df82206a3a2688735233cdcd8d3d565f088b
  category: main
  optional: false
- name: pyasn1-modules
  version: 0.4.2
  manager: pip
  platform: win-64
  dependencies:
    pyasn1: '>=0.6.1,<0.7.0'
  url: https://files.pythonhosted.org/packages/47/8d/d529b5d697919ba8c11ad626e835d4039be708a35b0d22de83a269a6682c/pyasn1_modules-0.4.2-py3-none-any.whl
  hash:
    sha256: 29253a9207ce32b64c3ac6600edc75368f98473906e8fd1043bd6b5b1de2c14a
  category: main
  optional: false
- name: pycparser
  version: '3.0'
  manager: pip
  platform: win-64
  dependencies: {}
  url: https://files.pythonhosted.org/packages/0c/c3/44f3fbbfa403ea2a7c779186dc20772604442dde72947e7d01069cbe98e3/pycparser-3.0-py3-none-any.whl
  hash:
    sha256: b727414169a36b7d524c1c3e31839a521725078d7b2ff038656844266160a992
  category: main
  optional: false
- name: python-dotenv
  version: 1.2.3
  manager: pip
  platform: win-64
  dependencies: {}
  url: https://files.pythonhosted.org/packages/0d/17/c5c6b53ddc18f297992099b3d9ec16c855c0ccc83263a21fe4d1c625ec6c/python_dotenv-1.2.3-py3-none-any.whl
  hash:
    sha256: 904552145e8bfed22162c09dab1c2b9b54fefa7b23ba780f4f26ca0316b0f0d9
  category: main
  optional: false
- name: requests
  version: 2.34.2
  manager: pip
  platform: win-64
  dependencies:
    certifi: '>=2023.5.7'
    charset-normalizer: '>=2,<4'
    idna: '>=2.5,<4'
    urllib3: '>=1.26,<3'
  url: https://files.pythonhosted.org/packages/a0/f4/c67b0b3f1b9245e8d266f0f112c500d50e5b4e83cb6f3b71b6528104182a/requests-2.34.2-py3-none-any.whl
  hash:
    sha256: 2a0d60c172f83ac6ab31e4554906c0f3b3588d37b5cb939b1c061f4907e278e0
  category: main
  optional: false
- name: sniffio
  version: 1.3.1
  manager: pip
  platform: win-64
  dependencies: {}
  url: https://files.pythonhosted.org/packages/e9/44/75a9c9421471a6c4805dbf2356f7c181a29c1879239abab1ea2cc8f38b40/sniffio-1.3.1-py3-none-any.whl
  hash:
    sha256: 2f6da418d1f1e0fddd844478f41680e794e6051915791a034ff65e5f100525a2
  category: main
  optional: false
- name: tenacity
  version: 9.1.4
  manager: pip
  platform: win-64
  dependencies: {}
  url: https://files.pythonhosted.org/packages/d7/c1/eb8f9debc45d3b7918a32ab756658a0904732f75e555402972246b0b8e71/tenacity-9.1.4-py3-none-any.whl
  hash:
    sha256: 6095a360c919085f28c6527de529e76a06ad89b23659fa881ae0649b867a9d55
  category: main
  optional: false
- name: urllib3
  version: 2.7.0
  manager: pip
  platform: win-64
  dependencies: {}
  url: https://files.pythonhosted.org/packages/7f/3e/5db95bcf282c52709639744ca2a8b149baccf648e39c8cc87553df9eae0c/urllib3-2.7.0-py3-none-any.whl
  hash:
    sha256: 9fb4c81ebbb1ce9531cce37674bbc6f1360472bc18ca9a553ede278ef7276897
  category: main
  optional: false
- name: websockets
  version: 16.1.1
  manager: pip
  platform: win-64
  dependencies: {}
  url: https://files.pythonhosted.org/packages/71/b2/e511c1c6f64a95c2f3fc54bffda0e14eaa7e9442be605c29270f7589b918/websockets-16.1.1-cp311-cp311-win_amd64.whl
  hash:
    sha256: 7421fad442de870a8cbf2287d1cad7e706ece0dbfeba5e911df132cbdc1cb56a
  category: main
  optional: false
